
Microsoft Visual Studio Solution File, Format Version 12.00
# Visual Studio 15
VisualStudioVersion = 15.0.26124.0
MinimumVisualStudioVersion = 15.0.26124.0
Project("{2150E333-8FDC-42A3-9474-1A3956D46DE8}") = "src", "src", "{5465CC8B-A305-4D08-838C-17B0AD8454B9}"
EndProject
Project("{FAE04EC0-301F-11D3-BF4B-00C04F79EFBC}") = "CodingMiltia.PlayBall.Auth.Reference", "src\CodingMiltia.PlayBall.Auth.Reference\CodingMiltia.PlayBall.Auth.Reference.csproj", "{DEE1B5EC-9007-4DCD-9C09-CA872507CD57}"
EndProject
Project("{FAE04EC0-301F-11D3-BF4B-00C04F79EFBC}") = "CodingMiltia.PlayBall.Auth.Web", "src\CodingMiltia.PlayBall.Auth.Web\CodingMiltia.PlayBall.Auth.Web.csproj", "{FC2ECFBA-B394-4746-9C3E-D26A21688F0E}"
EndProject
Global
	GlobalSection(SolutionConfigurationPlatforms) = preSolution
		Debug|Any CPU = Debug|Any CPU
		Debug|x64 = Debug|x64
		Debug|x86 = Debug|x86
		Release|Any CPU = Release|Any CPU
		Release|x64 = Release|x64
		Release|x86 = Release|x86
	EndGlobalSection
	GlobalSection(SolutionProperties) = preSolution
		HideSolutionNode = FALSE
	EndGlobalSection
	GlobalSection(ProjectConfigurationPlatforms) = postSolution
		{DEE1B5EC-9007-4DCD-9C09-CA872507CD57}.Debug|Any CPU.ActiveCfg = Debug|Any CPU
		{DEE1B5EC-9007-4DCD-9C09-CA872507CD57}.Debug|Any CPU.Build.0 = Debug|Any CPU
		{DEE1B5EC-9007-4DCD-9C09-CA872507CD57}.Debug|x64.ActiveCfg = Debug|Any CPU
		{DEE1B5EC-9007-4DCD-9C09-CA872507CD57}.Debug|x64.Build.0 = Debug|Any CPU
		{DEE1B5EC-9007-4DCD-9C09-CA872507CD57}.Debug|x86.ActiveCfg = Debug|Any CPU
		{DEE1B5EC-9007-4DCD-9C09-CA872507CD57}.Debug|x86.Build.0 = Debug|Any CPU
		{DEE1B5EC-9007-4DCD-9C09-CA872507CD57}.Release|Any CPU.ActiveCfg = Release|Any CPU
		{DEE1B5EC-9007-4DCD-9C09-CA872507CD57}.Release|Any CPU.Build.0 = Release|Any CPU
		{DEE1B5EC-9007-4DCD-9C09-CA872507CD57}.Release|x64.ActiveCfg = Release|Any CPU
		{DEE1B5EC-9007-4DCD-9C09-CA872507CD57}.Release|x64.Build.0 = Release|Any CPU
		{DEE1B5EC-9007-4DCD-9C09-CA872507CD57}.Release|x86.ActiveCfg = Release|Any CPU
		{DEE1B5EC-9007-4DCD-9C09-CA872507CD57}.Release|x86.Build.0 = Release|Any CPU
		{FC2ECFBA-B394-4746-9C3E-D26A21688F0E}.Debug|Any CPU.ActiveCfg = Debug|Any CPU
		{FC2ECFBA-B394-4746-9C3E-D26A21688F0E}.Debug|Any CPU.Build.0 = Debug|Any CPU
		{FC2ECFBA-B394-4746-9C3E-D26A21688F0E}.Debug|x64.ActiveCfg = Debug|Any CPU
		{FC2ECFBA-B394-4746-9C3E-D26A21688F0E}.Debug|x64.Build.0 = Debug|Any CPU
		{FC2ECFBA-B394-4746-9C3E-D26A21688F0E}.Debug|x86.ActiveCfg = Debug|Any CPU
		{FC2ECFBA-B394-4746-9C3E-D26A21688F0E}.Debug|x86.Build.0 = Debug|Any CPU
		{FC2ECFBA-B394-4746-9C3E-D26A21688F0E}.Release|Any CPU.ActiveCfg = Release|Any CPU
		{FC2ECFBA-B394-4746-9C3E-D26A21688F0E}.Release|Any CPU.Build.0 = Release|Any CPU
		{FC2ECFBA-B394-4746-9C3E-D26A21688F0E}.Release|x64.ActiveCfg = Release|Any CPU
		{FC2ECFBA-B394-4746-9C3E-D26A21688F0E}.Release|x64.Build.0 = Release|Any CPU
		{FC2ECFBA-B394-4746-9C3E-D26A21688F0E}.Release|x86.ActiveCfg = Release|Any CPU
		{FC2ECFBA-B394-4746-9C3E-D26A21688F0E}.Release|x86.Build.0 = Release|Any CPU
	EndGlobalSection
	GlobalSection(NestedProjects) = preSolution
		{DEE1B5EC-9007-4DCD-9C09-CA872507CD57} = {5465CC8B-A305-4D08-838C-17B0AD8454B9}
		{FC2ECFBA-B394-4746-9C3E-D26A21688F0E} = {5465CC8B-A305-4D08-838C-17B0AD8454B9}
	EndGlobalSection
EndGlobal
